
Microsoft Visual Studio Solution File, Format Version 12.00
# Visual Studio 15
VisualStudioVersion = 15.0.27428.2037
MinimumVisualStudioVersion = 10.0.40219.1
Project("{FAE04EC0-301F-11D3-BF4B-00C04F79EFBC}") = "WebApplication1", "WebApplication1\WebApplication1.csproj", "{0458985E-74A4-4069-9DBF-50AB6DFB5C2E}"
EndProject
Project("{FAE04EC0-301F-11D3-BF4B-00C04F79EFBC}") = "XUnitTestProject1", "TestProject\XUnitTestProject1\XUnitTestProject1.csproj", "{FEC9B247-BBD7-4D13-98CE-73114F2CC698}"
EndProject
Global
	GlobalSection(SolutionConfigurationPlatforms) = preSolution
		Debug|Any CPU = Debug|Any CPU
		Release|Any CPU = Release|Any CPU
	EndGlobalSection
	GlobalSection(ProjectConfigurationPlatforms) = postSolution
		{0458985E-74A4-4069-9DBF-50AB6DFB5C2E}.Debug|Any CPU.ActiveCfg = Debug|Any CPU
		{0458985E-74A4-4069-9DBF-50AB6DFB5C2E}.Debug|Any CPU.Build.0 = Debug|Any CPU
		{0458985E-74A4-4069-9DBF-50AB6DFB5C2E}.Release|Any CPU.ActiveCfg = Release|Any CPU
		{0458985E-74A4-4069-9DBF-50AB6DFB5C2E}.Release|Any CPU.Build.0 = Release|Any CPU
		{FEC9B247-BBD7-4D13-98CE-73114F2CC698}.Debug|Any CPU.ActiveCfg = Debug|Any CPU
		{FEC9B247-BBD7-4D13-98CE-73114F2CC698}.Debug|Any CPU.Build.0 = Debug|Any CPU
		{FEC9B247-BBD7-4D13-98CE-73114F2CC698}.Release|Any CPU.ActiveCfg = Release|Any CPU
		{FEC9B247-BBD7-4D13-98CE-73114F2CC698}.Release|Any CPU.Build.0 = Release|Any CPU
	EndGlobalSection
	GlobalSection(SolutionProperties) = preSolution
		HideSolutionNode = FALSE
	EndGlobalSection
	GlobalSection(ExtensibilityGlobals) = postSolution
		SolutionGuid = {58CF5DB3-988C-45E6-8016-810900B8BE9B}
	EndGlobalSection
EndGlobal
